PODS:
  - TSBaseViewController_Swift (1.0.4):
    - TSToolKit_Swift
  - TSToolKit_Swift (1.1.1)

DEPENDENCIES:
  - TSBaseViewController_Swift (from `https://github.com/StoneStoneStoneWang/TSBaseViewController_Swift.git`)
  - TSToolKit_Swift (from `https://github.com/StoneStoneStoneWang/TSToolKit_Swift.git`)

EXTERNAL SOURCES:
  TSBaseViewController_Swift:
    :git: https://github.com/StoneStoneStoneWang/TSBaseViewController_Swift.git
  TSToolKit_Swift:
    :git: https://github.com/StoneStoneStoneWang/TSToolKit_Swift.git

CHECKOUT OPTIONS:
  TSBaseViewController_Swift:
    :commit: e6a268c72e03ff4e69962e636e91c7f5d45fef38
    :git: https://github.com/StoneStoneStoneWang/TSBaseViewController_Swift.git
  TSToolKit_Swift:
    :commit: caeca4da9fad868c2220a56fafadfb01d62df833
    :git: https://github.com/StoneStoneStoneWang/TSToolKit_Swift.git

SPEC CHECKSUMS:
  TSBaseViewController_Swift: 766419f59f4203e059d488bdafebe83b2b012fed
  TSToolKit_Swift: 4f8605aaa825e634ba37e9b0b463337b61272e51

PODFILE CHECKSUM: 2255dd5b5176bd1c98c4e32e4d4b0765363c50cf

COCOAPODS: 1.5.3
