PODS:
  - TSBaseViewController_Swift (1.0.5):
    - TSToolKit_Swift
  - TSToolKit_Swift (1.1.5)

DEPENDENCIES:
  - TSBaseViewController_Swift (from `https://github.com/StoneStoneStoneWang/TSBaseViewController_Swift.git`)
  - TSToolKit_Swift (from `https://github.com/StoneStoneStoneWang/TSToolKit_Swift.git`)

EXTERNAL SOURCES:
  TSBaseViewController_Swift:
    :git: https://github.com/StoneStoneStoneWang/TSBaseViewController_Swift.git
  TSToolKit_Swift:
    :git: https://github.com/StoneStoneStoneWang/TSToolKit_Swift.git

CHECKOUT OPTIONS:
  TSBaseViewController_Swift:
    :commit: 8e5045db416a129cd3ee2b7ca99a2a0ddff25b53
    :git: https://github.com/StoneStoneStoneWang/TSBaseViewController_Swift.git
  TSToolKit_Swift:
    :commit: fd95590fbf398c55a27cbfcd298444618a203f0b
    :git: https://github.com/StoneStoneStoneWang/TSToolKit_Swift.git

SPEC CHECKSUMS:
  TSBaseViewController_Swift: 9fd2e4af888e1ec6efaad2c947f7c7ab94114fd9
  TSToolKit_Swift: f6092a2daba6a757cfd970467c5ecdd796da8db8

PODFILE CHECKSUM: 2255dd5b5176bd1c98c4e32e4d4b0765363c50cf

COCOAPODS: 1.5.3
